
Microsoft Visual Studio Solution File, Format Version 11.00
# Visual Studio 2010
Project("{FAE04EC0-301F-11D3-BF4B-00C04F79EFBC}") = "Pixel2018", "Assembly-CSharp.csproj", "{F3ACFB91-92E7-0C40-2CE7-480561EF4144}"
EndProject
Project("{FAE04EC0-301F-11D3-BF4B-00C04F79EFBC}") = "Pixel2018", "Assembly-CSharp-Editor.csproj", "{27316E86-FED3-089D-1BDA-091C663A2737}"
EndProject
Global
	GlobalSection(SolutionConfigurationPlatforms) = preSolution
		Debug|Any CPU = Debug|Any CPU
		Release|Any CPU = Release|Any CPU
	EndGlobalSection
	GlobalSection(ProjectConfigurationPlatforms) = postSolution
		{F3ACFB91-92E7-0C40-2CE7-480561EF4144}.Debug|Any CPU.ActiveCfg = Debug|Any CPU
		{F3ACFB91-92E7-0C40-2CE7-480561EF4144}.Debug|Any CPU.Build.0 = Debug|Any CPU
		{F3ACFB91-92E7-0C40-2CE7-480561EF4144}.Release|Any CPU.ActiveCfg = Release|Any CPU
		{F3ACFB91-92E7-0C40-2CE7-480561EF4144}.Release|Any CPU.Build.0 = Release|Any CPU
		{27316E86-FED3-089D-1BDA-091C663A2737}.Debug|Any CPU.ActiveCfg = Debug|Any CPU
		{27316E86-FED3-089D-1BDA-091C663A2737}.Debug|Any CPU.Build.0 = Debug|Any CPU
		{27316E86-FED3-089D-1BDA-091C663A2737}.Release|Any CPU.ActiveCfg = Release|Any CPU
		{27316E86-FED3-089D-1BDA-091C663A2737}.Release|Any CPU.Build.0 = Release|Any CPU
	EndGlobalSection
	GlobalSection(SolutionProperties) = preSolution
		HideSolutionNode = FALSE
	EndGlobalSection
	GlobalSection(MonoDevelopProperties) = preSolution
		StartupItem = Assembly-CSharp.csproj
	EndGlobalSection
EndGlobal
